
Microsoft Visual Studio Solution File, Format Version 12.00
# Visual Studio Version 16
VisualStudioVersion = 16.0.29806.167
MinimumVisualStudioVersion = 10.0.40219.1
Project("{FAE04EC0-301F-11D3-BF4B-00C04F79EFBC}") = "VoxelmapsTask1WebApp", "src\VoxelmapsTask1WebApp\VoxelmapsTask1WebApp.csproj", "{94FF5015-1156-4F63-8B2E-F75EA0D86842}"
EndProject
Project("{2150E333-8FDC-42A3-9474-1A3956D46DE8}") = "NewFolder1", "NewFolder1", "{A7413FDE-3800-4EC0-AF28-2FABF80EEB02}"
EndProject
Global
	GlobalSection(SolutionConfigurationPlatforms) = preSolution
		Debug|Any CPU = Debug|Any CPU
		Release|Any CPU = Release|Any CPU
	EndGlobalSection
	GlobalSection(ProjectConfigurationPlatforms) = postSolution
		{94FF5015-1156-4F63-8B2E-F75EA0D86842}.Debug|Any CPU.ActiveCfg = Debug|Any CPU
		{94FF5015-1156-4F63-8B2E-F75EA0D86842}.Debug|Any CPU.Build.0 = Debug|Any CPU
		{94FF5015-1156-4F63-8B2E-F75EA0D86842}.Release|Any CPU.ActiveCfg = Release|Any CPU
		{94FF5015-1156-4F63-8B2E-F75EA0D86842}.Release|Any CPU.Build.0 = Release|Any CPU
	EndGlobalSection
	GlobalSection(SolutionProperties) = preSolution
		HideSolutionNode = FALSE
	EndGlobalSection
	GlobalSection(ExtensibilityGlobals) = postSolution
		SolutionGuid = {928C5D28-F59C-41A0-A84C-AAA5A1ACE002}
	EndGlobalSection
EndGlobal
